
Microsoft Visual Studio Solution File, Format Version 12.00
# Visual Studio Version 17
VisualStudioVersion = 17.8.34511.84
MinimumVisualStudioVersion = 10.0.40219.1
Project("{FAE04EC0-301F-11D3-BF4B-00C04F79EFBC}") = "FlyingDutchmanAirlines", "FlyingDutchmanAirlines\FlyingDutchmanAirlines.csproj", "{38C6883D-F217-4695-BDB9-AE6DE42592CE}"
EndProject
Project("{FAE04EC0-301F-11D3-BF4B-00C04F79EFBC}") = "FlyingDutchmanAirlines_Tests", "FlyingDutchmanAirlines_Tests\FlyingDutchmanAirlines_Tests.csproj", "{F9A7914F-E67E-403E-822B-EE525392C66E}"
EndProject
Global
	GlobalSection(SolutionConfigurationPlatforms) = preSolution
		Debug|Any CPU = Debug|Any CPU
		Release|Any CPU = Release|Any CPU
	EndGlobalSection
	GlobalSection(ProjectConfigurationPlatforms) = postSolution
		{38C6883D-F217-4695-BDB9-AE6DE42592CE}.Debug|Any CPU.ActiveCfg = Debug|Any CPU
		{38C6883D-F217-4695-BDB9-AE6DE42592CE}.Debug|Any CPU.Build.0 = Debug|Any CPU
		{38C6883D-F217-4695-BDB9-AE6DE42592CE}.Release|Any CPU.ActiveCfg = Release|Any CPU
		{38C6883D-F217-4695-BDB9-AE6DE42592CE}.Release|Any CPU.Build.0 = Release|Any CPU
		{F9A7914F-E67E-403E-822B-EE525392C66E}.Debug|Any CPU.ActiveCfg = Debug|Any CPU
		{F9A7914F-E67E-403E-822B-EE525392C66E}.Debug|Any CPU.Build.0 = Debug|Any CPU
		{F9A7914F-E67E-403E-822B-EE525392C66E}.Release|Any CPU.ActiveCfg = Release|Any CPU
		{F9A7914F-E67E-403E-822B-EE525392C66E}.Release|Any CPU.Build.0 = Release|Any CPU
	EndGlobalSection
	GlobalSection(SolutionProperties) = preSolution
		HideSolutionNode = FALSE
	EndGlobalSection
	GlobalSection(ExtensibilityGlobals) = postSolution
		SolutionGuid = {236A6E99-BF6E-4D8A-834C-20B62AE37D91}
	EndGlobalSection
EndGlobal
